{
  "nodes": {
    "home-manager": {
      "inputs": {
        "nixpkgs": [
          "nixpkgs"
        ]
      },
      "locked": {
        "lastModified": 1789618856,
        "narHash": "sha256-OSqj7eOijvCZfN7owFWRxLWRhej5lZI+Kt82q3INLvc=",
        "owner": "nix-community",
        "repo": "home-manager",
        "rev": "afa6821c70560bb19d1a8c577bff398f7f239869",
        "type": "github"
      },
      "original": {
        "owner": "nix-community",
        "repo": "home-manager",
        "type": "github"
      }
    },
    "nixpkgs": {
      "locked": {
        "lastModified": 1789546076,
        "narHash": "sha256-zVxLZiSnmaaPLwnhj7pwmqe3axBg/C6nG5JZsJMh2g4=",
        "owner": "nixos",
        "repo": "nixpkgs",
        "rev": "b1b875982b17dabde9b4a37f3e229e74913e6db3",
        "type": "github"
      },
      "original": {
        "owner": "nixos",
        "ref": "nixos-unstable",
        "repo": "nixpkgs",
        "type": "github"
      }
    },
    "nord-dircolors": {
      "flake": false,
      "locked": {
        "lastModified": 1682936047,
        "narHash": "sha256-sPTo78BTyAMSzmRc2oY1102scXnovdn8vWqkgONwdio=",
        "owner": "nordtheme",
        "repo": "dircolors",
        "rev": "0a4906965e2b7b181d2b8f15395dcae2c43ace38",
        "type": "github"
      },
      "original": {
        "owner": "nordtheme",
        "repo": "dircolors",
        "type": "github"
      }
    },
    "root": {
      "inputs": {
        "home-manager": "home-manager",
        "nixpkgs": "nixpkgs",
        "nord-dircolors": "nord-dircolors"
      }
    }
  },
  "root": "root",
  "version": 7
}
